
Microsoft Visual Studio Solution File, Format Version 12.00
# Visual Studio Version 17
VisualStudioVersion = 17.14.36414.22
MinimumVisualStudioVersion = 10.0.40219.1
Project("{FAE04EC0-301F-11D3-BF4B-00C04F79EFBC}") = "CurrencyConverter", "CurrencyConverter\CurrencyConverter.csproj", "{0C67BD3F-3027-469B-8660-F5538FAEC93F}"
EndProject
Project("{FAE04EC0-301F-11D3-BF4B-00C04F79EFBC}") = "Currency_ConverterTests", "Currency_ConverterTests\Currency_ConverterTests.csproj", "{E6C42BB4-FF26-4C83-8B99-2216D2A8D712}"
EndProject
Global
	GlobalSection(SolutionConfigurationPlatforms) = preSolution
		Debug|Any CPU = Debug|Any CPU
		Release|Any CPU = Release|Any CPU
	EndGlobalSection
	GlobalSection(ProjectConfigurationPlatforms) = postSolution
		{0C67BD3F-3027-469B-8660-F5538FAEC93F}.Debug|Any CPU.ActiveCfg = Debug|Any CPU
		{0C67BD3F-3027-469B-8660-F5538FAEC93F}.Debug|Any CPU.Build.0 = Debug|Any CPU
		{0C67BD3F-3027-469B-8660-F5538FAEC93F}.Release|Any CPU.ActiveCfg = Release|Any CPU
		{0C67BD3F-3027-469B-8660-F5538FAEC93F}.Release|Any CPU.Build.0 = Release|Any CPU
		{E6C42BB4-FF26-4C83-8B99-2216D2A8D712}.Debug|Any CPU.ActiveCfg = Debug|Any CPU
		{E6C42BB4-FF26-4C83-8B99-2216D2A8D712}.Debug|Any CPU.Build.0 = Debug|Any CPU
		{E6C42BB4-FF26-4C83-8B99-2216D2A8D712}.Release|Any CPU.ActiveCfg = Release|Any CPU
		{E6C42BB4-FF26-4C83-8B99-2216D2A8D712}.Release|Any CPU.Build.0 = Release|Any CPU
	EndGlobalSection
	GlobalSection(SolutionProperties) = preSolution
		HideSolutionNode = FALSE
	EndGlobalSection
	GlobalSection(ExtensibilityGlobals) = postSolution
		SolutionGuid = {EEE22C3B-07E5-48A8-9575-38DA5A966787}
	EndGlobalSection
EndGlobal
